<?xml version="1.0" encoding="UTF-8" standalone="yes" ?>
<CodeBlocks_project_file>
	<FileVersion major="1" minor="6" />
	<Project>
		<Option title="BookManage" />
		<Option pch_mode="2" />
		<Option compiler="gcc" />
		<Option virtualFolders="Reader\;Account\;Book\;BookCirculation\;Catalog\;Menu\;Color\;" />
		<Build>
			<Target title="Debug">
				<Option output="bin/Debug/BookManage" prefix_auto="1" extension_auto="1" />
				<Option object_output="obj/Debug/" />
				<Option type="1" />
				<Option compiler="gcc" />
				<Compiler>
					<Add option="-g" />
				</Compiler>
			</Target>
			<Target title="Release">
				<Option output="bin/Release/BookManage" prefix_auto="1" extension_auto="1" />
				<Option object_output="obj/Release/" />
				<Option type="1" />
				<Option compiler="gcc" />
				<Compiler>
					<Add option="-O2" />
				</Compiler>
				<Linker>
					<Add option="-s" />
				</Linker>
			</Target>
		</Build>
		<Compiler>
			<Add option="-Wall" />
			<Add option="-fexceptions" />
		</Compiler>
		<Unit filename="Account.cpp">
			<Option virtualFolder="Account/" />
		</Unit>
		<Unit filename="Account.h" />
		<Unit filename="Book.cpp">
			<Option virtualFolder="Book/" />
		</Unit>
		<Unit filename="Book.h" />
		<Unit filename="Catalog.cpp">
			<Option virtualFolder="Catalog/" />
		</Unit>
		<Unit filename="Catalog.h" />
		<Unit filename="Circulate.cpp">
			<Option virtualFolder="BookCirculation/" />
		</Unit>
		<Unit filename="Circulate.h" />
		<Unit filename="Color.cpp">
			<Option virtualFolder="Color/" />
		</Unit>
		<Unit filename="Color.h" />
		<Unit filename="Main.h" />
		<Unit filename="Menu.cpp">
			<Option virtualFolder="Menu/" />
		</Unit>
		<Unit filename="Menu.h" />
		<Unit filename="Reader.cpp">
			<Option virtualFolder="Reader/" />
		</Unit>
		<Unit filename="Reader.h" />
		<Unit filename="main.cpp" />
		<Extensions>
			<code_completion />
			<envvars />
			<debugger />
			<lib_finder disable_auto="1" />
		</Extensions>
	</Project>
</CodeBlocks_project_file>
